
Microsoft Visual Studio Solution File, Format Version 12.00
# Visual Studio 2012
Project("{FAE04EC0-301F-11D3-BF4B-00C04F79EFBC}") = "Karkas.Examples.SqlServer.Northwind.TypeLibrary", "TypeLibrary\Karkas.Examples.SqlServer.Northwind.TypeLibrary\Karkas.Examples.SqlServer.Northwind.TypeLibrary.csproj", "{AA5BBCDF-19FE-4451-9B87-F790033458DE}"
EndProject
Project("{FAE04EC0-301F-11D3-BF4B-00C04F79EFBC}") = "Karkas.Examples.SqlServer.Northwind.Dal", "Dal\Karkas.Examples.SqlServer.Northwind.Dal\Karkas.Examples.SqlServer.Northwind.Dal.csproj", "{DCC0EF00-8737-41FF-B3B4-CA2BD741A8B6}"
EndProject
Project("{FAE04EC0-301F-11D3-BF4B-00C04F79EFBC}") = "Karkas.Examples.SqlServer.Northwind.Bs", "Bs\Karkas.Examples.SqlServer.Northwind.Bs\Karkas.Examples.SqlServer.Northwind.Bs.csproj", "{3690CFD6-F1FE-4314-BB66-1F241B137F89}"
EndProject
Project("{FAE04EC0-301F-11D3-BF4B-00C04F79EFBC}") = "Karkas.Examples.SqlServer.Northwind.ConsoleApp", "Karkas.Examples.SqlServer.Northwind.ConsoleApp\Karkas.Examples.SqlServer.Northwind.ConsoleApp.csproj", "{D0AACB23-E834-4D4A-99DF-45EC2B85502E}"
EndProject
Project("{FAE04EC0-301F-11D3-BF4B-00C04F79EFBC}") = "Karkas.Examples.SqlServer.Northwind.MvcApp", "Karkas.Examples.SqlServer.Northwind.MvcApp\Karkas.Examples.SqlServer.Northwind.MvcApp.csproj", "{889BCCB3-FA71-4FBF-B9FF-E1911BA815AE}"
EndProject
Project("{2150E333-8FDC-42A3-9474-1A3956D46DE8}") = "model", "model", "{BA1D60BC-A85A-45D0-9865-4B2767BC2E87}"
EndProject
Global
	GlobalSection(SolutionConfigurationPlatforms) = preSolution
		Debug|Any CPU = Debug|Any CPU
		Release|Any CPU = Release|Any CPU
	EndGlobalSection
	GlobalSection(ProjectConfigurationPlatforms) = postSolution
		{AA5BBCDF-19FE-4451-9B87-F790033458DE}.Debug|Any CPU.ActiveCfg = Debug|Any CPU
		{AA5BBCDF-19FE-4451-9B87-F790033458DE}.Debug|Any CPU.Build.0 = Debug|Any CPU
		{AA5BBCDF-19FE-4451-9B87-F790033458DE}.Release|Any CPU.ActiveCfg = Release|Any CPU
		{AA5BBCDF-19FE-4451-9B87-F790033458DE}.Release|Any CPU.Build.0 = Release|Any CPU
		{DCC0EF00-8737-41FF-B3B4-CA2BD741A8B6}.Debug|Any CPU.ActiveCfg = Debug|Any CPU
		{DCC0EF00-8737-41FF-B3B4-CA2BD741A8B6}.Debug|Any CPU.Build.0 = Debug|Any CPU
		{DCC0EF00-8737-41FF-B3B4-CA2BD741A8B6}.Release|Any CPU.ActiveCfg = Release|Any CPU
		{DCC0EF00-8737-41FF-B3B4-CA2BD741A8B6}.Release|Any CPU.Build.0 = Release|Any CPU
		{3690CFD6-F1FE-4314-BB66-1F241B137F89}.Debug|Any CPU.ActiveCfg = Debug|Any CPU
		{3690CFD6-F1FE-4314-BB66-1F241B137F89}.Debug|Any CPU.Build.0 = Debug|Any CPU
		{3690CFD6-F1FE-4314-BB66-1F241B137F89}.Release|Any CPU.ActiveCfg = Release|Any CPU
		{3690CFD6-F1FE-4314-BB66-1F241B137F89}.Release|Any CPU.Build.0 = Release|Any CPU
		{D0AACB23-E834-4D4A-99DF-45EC2B85502E}.Debug|Any CPU.ActiveCfg = Debug|Any CPU
		{D0AACB23-E834-4D4A-99DF-45EC2B85502E}.Debug|Any CPU.Build.0 = Debug|Any CPU
		{D0AACB23-E834-4D4A-99DF-45EC2B85502E}.Release|Any CPU.ActiveCfg = Release|Any CPU
		{D0AACB23-E834-4D4A-99DF-45EC2B85502E}.Release|Any CPU.Build.0 = Release|Any CPU
		{889BCCB3-FA71-4FBF-B9FF-E1911BA815AE}.Debug|Any CPU.ActiveCfg = Debug|Any CPU
		{889BCCB3-FA71-4FBF-B9FF-E1911BA815AE}.Debug|Any CPU.Build.0 = Debug|Any CPU
		{889BCCB3-FA71-4FBF-B9FF-E1911BA815AE}.Release|Any CPU.ActiveCfg = Release|Any CPU
		{889BCCB3-FA71-4FBF-B9FF-E1911BA815AE}.Release|Any CPU.Build.0 = Release|Any CPU
	EndGlobalSection
	GlobalSection(SolutionProperties) = preSolution
		HideSolutionNode = FALSE
	EndGlobalSection
	GlobalSection(NestedProjects) = preSolution
		{3690CFD6-F1FE-4314-BB66-1F241B137F89} = {BA1D60BC-A85A-45D0-9865-4B2767BC2E87}
		{DCC0EF00-8737-41FF-B3B4-CA2BD741A8B6} = {BA1D60BC-A85A-45D0-9865-4B2767BC2E87}
		{AA5BBCDF-19FE-4451-9B87-F790033458DE} = {BA1D60BC-A85A-45D0-9865-4B2767BC2E87}
	EndGlobalSection
EndGlobal
